
Microsoft Visual Studio Solution File, Format Version 12.00
# Visual Studio Version 17
VisualStudioVersion = 17.9.34723.18
MinimumVisualStudioVersion = 10.0.40219.1
Project("{FAE04EC0-301F-11D3-BF4B-00C04F79EFBC}") = "Exercicio6", "Exercicio6\Exercicio6.csproj", "{EA10470C-F871-42F1-A107-A6E39F0474BD}"
EndProject
Global
	GlobalSection(SolutionConfigurationPlatforms) = preSolution
		Debug|Any CPU = Debug|Any CPU
		Release|Any CPU = Release|Any CPU
	EndGlobalSection
	GlobalSection(ProjectConfigurationPlatforms) = postSolution
		{EA10470C-F871-42F1-A107-A6E39F0474BD}.Debug|Any CPU.ActiveCfg = Debug|Any CPU
		{EA10470C-F871-42F1-A107-A6E39F0474BD}.Debug|Any CPU.Build.0 = Debug|Any CPU
		{EA10470C-F871-42F1-A107-A6E39F0474BD}.Release|Any CPU.ActiveCfg = Release|Any CPU
		{EA10470C-F871-42F1-A107-A6E39F0474BD}.Release|Any CPU.Build.0 = Release|Any CPU
	EndGlobalSection
	GlobalSection(SolutionProperties) = preSolution
		HideSolutionNode = FALSE
	EndGlobalSection
	GlobalSection(ExtensibilityGlobals) = postSolution
		SolutionGuid = {E065919C-2361-40EB-87E4-C72AC7BF8FCF}
	EndGlobalSection
EndGlobal
