
Microsoft Visual Studio Solution File, Format Version 12.00
# Visual Studio Version 17
VisualStudioVersion = 17.9.34723.18
MinimumVisualStudioVersion = 10.0.40219.1
Project("{FAE04EC0-301F-11D3-BF4B-00C04F79EFBC}") = "Exercicio7", "Exercicio7\Exercicio7.csproj", "{20787EDF-B39A-4720-90E7-4020C999E619}"
EndProject
Global
	GlobalSection(SolutionConfigurationPlatforms) = preSolution
		Debug|Any CPU = Debug|Any CPU
		Release|Any CPU = Release|Any CPU
	EndGlobalSection
	GlobalSection(ProjectConfigurationPlatforms) = postSolution
		{20787EDF-B39A-4720-90E7-4020C999E619}.Debug|Any CPU.ActiveCfg = Debug|Any CPU
		{20787EDF-B39A-4720-90E7-4020C999E619}.Debug|Any CPU.Build.0 = Debug|Any CPU
		{20787EDF-B39A-4720-90E7-4020C999E619}.Release|Any CPU.ActiveCfg = Release|Any CPU
		{20787EDF-B39A-4720-90E7-4020C999E619}.Release|Any CPU.Build.0 = Release|Any CPU
	EndGlobalSection
	GlobalSection(SolutionProperties) = preSolution
		HideSolutionNode = FALSE
	EndGlobalSection
	GlobalSection(ExtensibilityGlobals) = postSolution
		SolutionGuid = {FAFCD523-BD55-4241-975F-81ABC27BF44C}
	EndGlobalSection
EndGlobal
