
Microsoft Visual Studio Solution File, Format Version 12.00
# Visual Studio Version 17
VisualStudioVersion = 17.9.34723.18
MinimumVisualStudioVersion = 10.0.40219.1
Project("{FAE04EC0-301F-11D3-BF4B-00C04F79EFBC}") = "Exercicio37", "Exercicio37\Exercicio37.csproj", "{B8FDAC06-6C42-44E2-9764-0FCA6CF9007A}"
EndProject
Global
	GlobalSection(SolutionConfigurationPlatforms) = preSolution
		Debug|Any CPU = Debug|Any CPU
		Release|Any CPU = Release|Any CPU
	EndGlobalSection
	GlobalSection(ProjectConfigurationPlatforms) = postSolution
		{B8FDAC06-6C42-44E2-9764-0FCA6CF9007A}.Debug|Any CPU.ActiveCfg = Debug|Any CPU
		{B8FDAC06-6C42-44E2-9764-0FCA6CF9007A}.Debug|Any CPU.Build.0 = Debug|Any CPU
		{B8FDAC06-6C42-44E2-9764-0FCA6CF9007A}.Release|Any CPU.ActiveCfg = Release|Any CPU
		{B8FDAC06-6C42-44E2-9764-0FCA6CF9007A}.Release|Any CPU.Build.0 = Release|Any CPU
	EndGlobalSection
	GlobalSection(SolutionProperties) = preSolution
		HideSolutionNode = FALSE
	EndGlobalSection
	GlobalSection(ExtensibilityGlobals) = postSolution
		SolutionGuid = {35E99D56-34C8-4CE5-811E-7F8694045758}
	EndGlobalSection
EndGlobal
