
Microsoft Visual Studio Solution File, Format Version 12.00
# Visual Studio Version 17
VisualStudioVersion = 17.9.34723.18
MinimumVisualStudioVersion = 10.0.40219.1
Project("{FAE04EC0-301F-11D3-BF4B-00C04F79EFBC}") = "Exercicio46", "Exercicio46\Exercicio46.csproj", "{FC1A1ED6-0E0E-4F4B-A537-D86D60799B0F}"
EndProject
Global
	GlobalSection(SolutionConfigurationPlatforms) = preSolution
		Debug|Any CPU = Debug|Any CPU
		Release|Any CPU = Release|Any CPU
	EndGlobalSection
	GlobalSection(ProjectConfigurationPlatforms) = postSolution
		{FC1A1ED6-0E0E-4F4B-A537-D86D60799B0F}.Debug|Any CPU.ActiveCfg = Debug|Any CPU
		{FC1A1ED6-0E0E-4F4B-A537-D86D60799B0F}.Debug|Any CPU.Build.0 = Debug|Any CPU
		{FC1A1ED6-0E0E-4F4B-A537-D86D60799B0F}.Release|Any CPU.ActiveCfg = Release|Any CPU
		{FC1A1ED6-0E0E-4F4B-A537-D86D60799B0F}.Release|Any CPU.Build.0 = Release|Any CPU
	EndGlobalSection
	GlobalSection(SolutionProperties) = preSolution
		HideSolutionNode = FALSE
	EndGlobalSection
	GlobalSection(ExtensibilityGlobals) = postSolution
		SolutionGuid = {B1573CDB-39EF-4B94-AEAB-C99679C3F56F}
	EndGlobalSection
EndGlobal
