
Microsoft Visual Studio Solution File, Format Version 12.00
# Visual Studio Version 17
VisualStudioVersion = 17.9.34723.18
MinimumVisualStudioVersion = 10.0.40219.1
Project("{FAE04EC0-301F-11D3-BF4B-00C04F79EFBC}") = "Exercicio18", "Exercicio18\Exercicio18.csproj", "{49A464BA-082F-49FA-AFC8-2EAAD6612ACC}"
EndProject
Global
	GlobalSection(SolutionConfigurationPlatforms) = preSolution
		Debug|Any CPU = Debug|Any CPU
		Release|Any CPU = Release|Any CPU
	EndGlobalSection
	GlobalSection(ProjectConfigurationPlatforms) = postSolution
		{49A464BA-082F-49FA-AFC8-2EAAD6612ACC}.Debug|Any CPU.ActiveCfg = Debug|Any CPU
		{49A464BA-082F-49FA-AFC8-2EAAD6612ACC}.Debug|Any CPU.Build.0 = Debug|Any CPU
		{49A464BA-082F-49FA-AFC8-2EAAD6612ACC}.Release|Any CPU.ActiveCfg = Release|Any CPU
		{49A464BA-082F-49FA-AFC8-2EAAD6612ACC}.Release|Any CPU.Build.0 = Release|Any CPU
	EndGlobalSection
	GlobalSection(SolutionProperties) = preSolution
		HideSolutionNode = FALSE
	EndGlobalSection
	GlobalSection(ExtensibilityGlobals) = postSolution
		SolutionGuid = {7084A568-C96E-4A56-9331-C426A425E452}
	EndGlobalSection
EndGlobal
