
Microsoft Visual Studio Solution File, Format Version 12.00
# Visual Studio Version 17
VisualStudioVersion = 17.9.34723.18
MinimumVisualStudioVersion = 10.0.40219.1
Project("{FAE04EC0-301F-11D3-BF4B-00C04F79EFBC}") = "Exercicio50", "Exercicio50\Exercicio50.csproj", "{02640CB7-758C-451A-A0C7-FDBA9F659303}"
EndProject
Global
	GlobalSection(SolutionConfigurationPlatforms) = preSolution
		Debug|Any CPU = Debug|Any CPU
		Release|Any CPU = Release|Any CPU
	EndGlobalSection
	GlobalSection(ProjectConfigurationPlatforms) = postSolution
		{02640CB7-758C-451A-A0C7-FDBA9F659303}.Debug|Any CPU.ActiveCfg = Debug|Any CPU
		{02640CB7-758C-451A-A0C7-FDBA9F659303}.Debug|Any CPU.Build.0 = Debug|Any CPU
		{02640CB7-758C-451A-A0C7-FDBA9F659303}.Release|Any CPU.ActiveCfg = Release|Any CPU
		{02640CB7-758C-451A-A0C7-FDBA9F659303}.Release|Any CPU.Build.0 = Release|Any CPU
	EndGlobalSection
	GlobalSection(SolutionProperties) = preSolution
		HideSolutionNode = FALSE
	EndGlobalSection
	GlobalSection(ExtensibilityGlobals) = postSolution
		SolutionGuid = {59BB1043-CDDA-4ED1-A2A1-31A1AD5E458B}
	EndGlobalSection
EndGlobal
