
Microsoft Visual Studio Solution File, Format Version 12.00
# Visual Studio Version 17
VisualStudioVersion = 17.9.34723.18
MinimumVisualStudioVersion = 10.0.40219.1
Project("{FAE04EC0-301F-11D3-BF4B-00C04F79EFBC}") = "Exemplo", "Exemplo\Exemplo.csproj", "{72F3C9FF-BAB3-4D3B-A48E-046B3748738E}"
EndProject
Global
	GlobalSection(SolutionConfigurationPlatforms) = preSolution
		Debug|Any CPU = Debug|Any CPU
		Release|Any CPU = Release|Any CPU
	EndGlobalSection
	GlobalSection(ProjectConfigurationPlatforms) = postSolution
		{72F3C9FF-BAB3-4D3B-A48E-046B3748738E}.Debug|Any CPU.ActiveCfg = Debug|Any CPU
		{72F3C9FF-BAB3-4D3B-A48E-046B3748738E}.Debug|Any CPU.Build.0 = Debug|Any CPU
		{72F3C9FF-BAB3-4D3B-A48E-046B3748738E}.Release|Any CPU.ActiveCfg = Release|Any CPU
		{72F3C9FF-BAB3-4D3B-A48E-046B3748738E}.Release|Any CPU.Build.0 = Release|Any CPU
	EndGlobalSection
	GlobalSection(SolutionProperties) = preSolution
		HideSolutionNode = FALSE
	EndGlobalSection
	GlobalSection(ExtensibilityGlobals) = postSolution
		SolutionGuid = {BD762C88-7673-4515-B608-79878BDE64D4}
	EndGlobalSection
EndGlobal
