
Microsoft Visual Studio Solution File, Format Version 12.00
# Visual Studio Version 17
VisualStudioVersion = 17.9.34723.18
MinimumVisualStudioVersion = 10.0.40219.1
Project("{FAE04EC0-301F-11D3-BF4B-00C04F79EFBC}") = "ControleClientes", "ControleClientes\ControleClientes.csproj", "{96A6B227-DB1C-420C-B562-68FAAC31650C}"
EndProject
Global
	GlobalSection(SolutionConfigurationPlatforms) = preSolution
		Debug|Any CPU = Debug|Any CPU
		Release|Any CPU = Release|Any CPU
	EndGlobalSection
	GlobalSection(ProjectConfigurationPlatforms) = postSolution
		{96A6B227-DB1C-420C-B562-68FAAC31650C}.Debug|Any CPU.ActiveCfg = Debug|Any CPU
		{96A6B227-DB1C-420C-B562-68FAAC31650C}.Debug|Any CPU.Build.0 = Debug|Any CPU
		{96A6B227-DB1C-420C-B562-68FAAC31650C}.Release|Any CPU.ActiveCfg = Release|Any CPU
		{96A6B227-DB1C-420C-B562-68FAAC31650C}.Release|Any CPU.Build.0 = Release|Any CPU
	EndGlobalSection
	GlobalSection(SolutionProperties) = preSolution
		HideSolutionNode = FALSE
	EndGlobalSection
	GlobalSection(ExtensibilityGlobals) = postSolution
		SolutionGuid = {2E43AF85-8F90-47BC-9DFB-0CA6552706FA}
	EndGlobalSection
EndGlobal
