
Microsoft Visual Studio Solution File, Format Version 12.00
# Visual Studio Version 17
VisualStudioVersion = 17.9.34723.18
MinimumVisualStudioVersion = 10.0.40219.1
Project("{FAE04EC0-301F-11D3-BF4B-00C04F79EFBC}") = "Exercicio71", "Exercicio71\Exercicio71.csproj", "{3822AAFE-1A91-4F8D-B9C5-064BBB70FCE3}"
EndProject
Global
	GlobalSection(SolutionConfigurationPlatforms) = preSolution
		Debug|Any CPU = Debug|Any CPU
		Release|Any CPU = Release|Any CPU
	EndGlobalSection
	GlobalSection(ProjectConfigurationPlatforms) = postSolution
		{3822AAFE-1A91-4F8D-B9C5-064BBB70FCE3}.Debug|Any CPU.ActiveCfg = Debug|Any CPU
		{3822AAFE-1A91-4F8D-B9C5-064BBB70FCE3}.Debug|Any CPU.Build.0 = Debug|Any CPU
		{3822AAFE-1A91-4F8D-B9C5-064BBB70FCE3}.Release|Any CPU.ActiveCfg = Release|Any CPU
		{3822AAFE-1A91-4F8D-B9C5-064BBB70FCE3}.Release|Any CPU.Build.0 = Release|Any CPU
	EndGlobalSection
	GlobalSection(SolutionProperties) = preSolution
		HideSolutionNode = FALSE
	EndGlobalSection
	GlobalSection(ExtensibilityGlobals) = postSolution
		SolutionGuid = {4D954236-58FB-426A-8AB5-305DA09DD3B1}
	EndGlobalSection
EndGlobal
