
Microsoft Visual Studio Solution File, Format Version 12.00
# Visual Studio Version 17
VisualStudioVersion = 17.9.34723.18
MinimumVisualStudioVersion = 10.0.40219.1
Project("{FAE04EC0-301F-11D3-BF4B-00C04F79EFBC}") = "Exercicio72", "Exercicio72\Exercicio72.csproj", "{ABE9D718-0F1C-42FB-A445-44B057C70201}"
EndProject
Global
	GlobalSection(SolutionConfigurationPlatforms) = preSolution
		Debug|Any CPU = Debug|Any CPU
		Release|Any CPU = Release|Any CPU
	EndGlobalSection
	GlobalSection(ProjectConfigurationPlatforms) = postSolution
		{ABE9D718-0F1C-42FB-A445-44B057C70201}.Debug|Any CPU.ActiveCfg = Debug|Any CPU
		{ABE9D718-0F1C-42FB-A445-44B057C70201}.Debug|Any CPU.Build.0 = Debug|Any CPU
		{ABE9D718-0F1C-42FB-A445-44B057C70201}.Release|Any CPU.ActiveCfg = Release|Any CPU
		{ABE9D718-0F1C-42FB-A445-44B057C70201}.Release|Any CPU.Build.0 = Release|Any CPU
	EndGlobalSection
	GlobalSection(SolutionProperties) = preSolution
		HideSolutionNode = FALSE
	EndGlobalSection
	GlobalSection(ExtensibilityGlobals) = postSolution
		SolutionGuid = {F3F164C5-4811-44A6-AE00-2B3DB1243A68}
	EndGlobalSection
EndGlobal
