
Microsoft Visual Studio Solution File, Format Version 12.00
# Visual Studio Version 17
VisualStudioVersion = 17.9.34723.18
MinimumVisualStudioVersion = 10.0.40219.1
Project("{FAE04EC0-301F-11D3-BF4B-00C04F79EFBC}") = "Exercicio48", "Exercicio48\Exercicio48.csproj", "{BED13BB1-1849-4C75-99E3-F0A1F86B56F9}"
EndProject
Global
	GlobalSection(SolutionConfigurationPlatforms) = preSolution
		Debug|Any CPU = Debug|Any CPU
		Release|Any CPU = Release|Any CPU
	EndGlobalSection
	GlobalSection(ProjectConfigurationPlatforms) = postSolution
		{BED13BB1-1849-4C75-99E3-F0A1F86B56F9}.Debug|Any CPU.ActiveCfg = Debug|Any CPU
		{BED13BB1-1849-4C75-99E3-F0A1F86B56F9}.Debug|Any CPU.Build.0 = Debug|Any CPU
		{BED13BB1-1849-4C75-99E3-F0A1F86B56F9}.Release|Any CPU.ActiveCfg = Release|Any CPU
		{BED13BB1-1849-4C75-99E3-F0A1F86B56F9}.Release|Any CPU.Build.0 = Release|Any CPU
	EndGlobalSection
	GlobalSection(SolutionProperties) = preSolution
		HideSolutionNode = FALSE
	EndGlobalSection
	GlobalSection(ExtensibilityGlobals) = postSolution
		SolutionGuid = {11317863-A48E-41A3-ABFB-ED334559FA13}
	EndGlobalSection
EndGlobal
