
Microsoft Visual Studio Solution File, Format Version 12.00
# Visual Studio Version 17
VisualStudioVersion = 17.9.34723.18
MinimumVisualStudioVersion = 10.0.40219.1
Project("{FAE04EC0-301F-11D3-BF4B-00C04F79EFBC}") = "Exercicio11", "Exercicio11\Exercicio11.csproj", "{C7AB7E7D-D8FE-4988-805A-A20A2F99209B}"
EndProject
Global
	GlobalSection(SolutionConfigurationPlatforms) = preSolution
		Debug|Any CPU = Debug|Any CPU
		Release|Any CPU = Release|Any CPU
	EndGlobalSection
	GlobalSection(ProjectConfigurationPlatforms) = postSolution
		{C7AB7E7D-D8FE-4988-805A-A20A2F99209B}.Debug|Any CPU.ActiveCfg = Debug|Any CPU
		{C7AB7E7D-D8FE-4988-805A-A20A2F99209B}.Debug|Any CPU.Build.0 = Debug|Any CPU
		{C7AB7E7D-D8FE-4988-805A-A20A2F99209B}.Release|Any CPU.ActiveCfg = Release|Any CPU
		{C7AB7E7D-D8FE-4988-805A-A20A2F99209B}.Release|Any CPU.Build.0 = Release|Any CPU
	EndGlobalSection
	GlobalSection(SolutionProperties) = preSolution
		HideSolutionNode = FALSE
	EndGlobalSection
	GlobalSection(ExtensibilityGlobals) = postSolution
		SolutionGuid = {CD36CAC7-6811-4FED-B9A7-A462AAD1AA72}
	EndGlobalSection
EndGlobal
