
Microsoft Visual Studio Solution File, Format Version 12.00
# Visual Studio Version 17
VisualStudioVersion = 17.9.34723.18
MinimumVisualStudioVersion = 10.0.40219.1
Project("{FAE04EC0-301F-11D3-BF4B-00C04F79EFBC}") = "Exercicio65", "Exercicio65\Exercicio65.csproj", "{0B558A9E-D972-4A3F-B893-226B0011259B}"
EndProject
Global
	GlobalSection(SolutionConfigurationPlatforms) = preSolution
		Debug|Any CPU = Debug|Any CPU
		Release|Any CPU = Release|Any CPU
	EndGlobalSection
	GlobalSection(ProjectConfigurationPlatforms) = postSolution
		{0B558A9E-D972-4A3F-B893-226B0011259B}.Debug|Any CPU.ActiveCfg = Debug|Any CPU
		{0B558A9E-D972-4A3F-B893-226B0011259B}.Debug|Any CPU.Build.0 = Debug|Any CPU
		{0B558A9E-D972-4A3F-B893-226B0011259B}.Release|Any CPU.ActiveCfg = Release|Any CPU
		{0B558A9E-D972-4A3F-B893-226B0011259B}.Release|Any CPU.Build.0 = Release|Any CPU
	EndGlobalSection
	GlobalSection(SolutionProperties) = preSolution
		HideSolutionNode = FALSE
	EndGlobalSection
	GlobalSection(ExtensibilityGlobals) = postSolution
		SolutionGuid = {5D5F5209-4DFC-4F57-BAEB-A17C22EA57B5}
	EndGlobalSection
EndGlobal
