
Microsoft Visual Studio Solution File, Format Version 12.00
# Visual Studio Version 17
VisualStudioVersion = 17.9.34723.18
MinimumVisualStudioVersion = 10.0.40219.1
Project("{FAE04EC0-301F-11D3-BF4B-00C04F79EFBC}") = "Exercicio51", "Exercicio51\Exercicio51.csproj", "{606D36ED-E60A-4667-9FD5-B0C8A8562FE5}"
EndProject
Global
	GlobalSection(SolutionConfigurationPlatforms) = preSolution
		Debug|Any CPU = Debug|Any CPU
		Release|Any CPU = Release|Any CPU
	EndGlobalSection
	GlobalSection(ProjectConfigurationPlatforms) = postSolution
		{606D36ED-E60A-4667-9FD5-B0C8A8562FE5}.Debug|Any CPU.ActiveCfg = Debug|Any CPU
		{606D36ED-E60A-4667-9FD5-B0C8A8562FE5}.Debug|Any CPU.Build.0 = Debug|Any CPU
		{606D36ED-E60A-4667-9FD5-B0C8A8562FE5}.Release|Any CPU.ActiveCfg = Release|Any CPU
		{606D36ED-E60A-4667-9FD5-B0C8A8562FE5}.Release|Any CPU.Build.0 = Release|Any CPU
	EndGlobalSection
	GlobalSection(SolutionProperties) = preSolution
		HideSolutionNode = FALSE
	EndGlobalSection
	GlobalSection(ExtensibilityGlobals) = postSolution
		SolutionGuid = {2B1E3EE6-8314-4340-874E-B5F671C0CA71}
	EndGlobalSection
EndGlobal
