
Microsoft Visual Studio Solution File, Format Version 12.00
# Visual Studio Version 17
VisualStudioVersion = 17.9.34723.18
MinimumVisualStudioVersion = 10.0.40219.1
Project("{FAE04EC0-301F-11D3-BF4B-00C04F79EFBC}") = "Exercicio38", "Exercicio38\Exercicio38.csproj", "{98089D89-0CA0-44BE-B22E-7604ED344203}"
EndProject
Global
	GlobalSection(SolutionConfigurationPlatforms) = preSolution
		Debug|Any CPU = Debug|Any CPU
		Release|Any CPU = Release|Any CPU
	EndGlobalSection
	GlobalSection(ProjectConfigurationPlatforms) = postSolution
		{98089D89-0CA0-44BE-B22E-7604ED344203}.Debug|Any CPU.ActiveCfg = Debug|Any CPU
		{98089D89-0CA0-44BE-B22E-7604ED344203}.Debug|Any CPU.Build.0 = Debug|Any CPU
		{98089D89-0CA0-44BE-B22E-7604ED344203}.Release|Any CPU.ActiveCfg = Release|Any CPU
		{98089D89-0CA0-44BE-B22E-7604ED344203}.Release|Any CPU.Build.0 = Release|Any CPU
	EndGlobalSection
	GlobalSection(SolutionProperties) = preSolution
		HideSolutionNode = FALSE
	EndGlobalSection
	GlobalSection(ExtensibilityGlobals) = postSolution
		SolutionGuid = {D8F5AE18-B321-472A-B5C4-4298F6DC788D}
	EndGlobalSection
EndGlobal
