
Microsoft Visual Studio Solution File, Format Version 12.00
# Visual Studio Version 17
VisualStudioVersion = 17.9.34723.18
MinimumVisualStudioVersion = 10.0.40219.1
Project("{FAE04EC0-301F-11D3-BF4B-00C04F79EFBC}") = "Exercicio1", "Exercicio1\Exercicio1.csproj", "{FF316A1D-4435-4E8D-AC83-8595D1CCAF3E}"
EndProject
Global
	GlobalSection(SolutionConfigurationPlatforms) = preSolution
		Debug|Any CPU = Debug|Any CPU
		Release|Any CPU = Release|Any CPU
	EndGlobalSection
	GlobalSection(ProjectConfigurationPlatforms) = postSolution
		{FF316A1D-4435-4E8D-AC83-8595D1CCAF3E}.Debug|Any CPU.ActiveCfg = Debug|Any CPU
		{FF316A1D-4435-4E8D-AC83-8595D1CCAF3E}.Debug|Any CPU.Build.0 = Debug|Any CPU
		{FF316A1D-4435-4E8D-AC83-8595D1CCAF3E}.Release|Any CPU.ActiveCfg = Release|Any CPU
		{FF316A1D-4435-4E8D-AC83-8595D1CCAF3E}.Release|Any CPU.Build.0 = Release|Any CPU
	EndGlobalSection
	GlobalSection(SolutionProperties) = preSolution
		HideSolutionNode = FALSE
	EndGlobalSection
	GlobalSection(ExtensibilityGlobals) = postSolution
		SolutionGuid = {588D900E-31D4-4068-B00D-2F2C6A4632FB}
	EndGlobalSection
EndGlobal
