
Microsoft Visual Studio Solution File, Format Version 12.00
# Visual Studio Version 17
VisualStudioVersion = 17.9.34723.18
MinimumVisualStudioVersion = 10.0.40219.1
Project("{FAE04EC0-301F-11D3-BF4B-00C04F79EFBC}") = "Exercicio5", "Exercicio5\Exercicio5.csproj", "{E20C5166-3DD4-4496-B936-57ACCB50CB69}"
EndProject
Global
	GlobalSection(SolutionConfigurationPlatforms) = preSolution
		Debug|Any CPU = Debug|Any CPU
		Release|Any CPU = Release|Any CPU
	EndGlobalSection
	GlobalSection(ProjectConfigurationPlatforms) = postSolution
		{E20C5166-3DD4-4496-B936-57ACCB50CB69}.Debug|Any CPU.ActiveCfg = Debug|Any CPU
		{E20C5166-3DD4-4496-B936-57ACCB50CB69}.Debug|Any CPU.Build.0 = Debug|Any CPU
		{E20C5166-3DD4-4496-B936-57ACCB50CB69}.Release|Any CPU.ActiveCfg = Release|Any CPU
		{E20C5166-3DD4-4496-B936-57ACCB50CB69}.Release|Any CPU.Build.0 = Release|Any CPU
	EndGlobalSection
	GlobalSection(SolutionProperties) = preSolution
		HideSolutionNode = FALSE
	EndGlobalSection
	GlobalSection(ExtensibilityGlobals) = postSolution
		SolutionGuid = {E3052F88-C1D3-412E-BE72-B3EACA98684B}
	EndGlobalSection
EndGlobal
